// !$*UTF8*$!
{
	archiveVersion = 1;
	classes = {
	};
	objectVersion = 50;
	objects = {

/* Begin PBXBuildFile section */
		1F112B0A2545663F00BF8596 /* PokeTypes.sqlite in Resources */ = {isa = PBXBuildFile; fileRef = 1F112B092545663F00BF8596 /* PokeTypes.sqlite */; };
		1F112B1B2545AD8B00BF8596 /* TypeGridView.swift in Sources */ = {isa = PBXBuildFile; fileRef = 1F112B1A2545AD8B00BF8596 /* TypeGridView.swift */; };
		1F112B402545B36200BF8596 /* TypeSelector.swift in Sources */ = {isa = PBXBuildFile; fileRef = 1F112B3F2545B36200BF8596 /* TypeSelector.swift */; };
		1F112B432545B66800BF8596 /* SelectorView.swift in Sources */ = {isa = PBXBuildFile; fileRef = 1F112B422545B66800BF8596 /* SelectorView.swift */; };
		1F112B472545BC9C00BF8596 /* PKMN RBYGSC.ttf in Resources */ = {isa = PBXBuildFile; fileRef = 1F112B462545BC9C00BF8596 /* PKMN RBYGSC.ttf */; };
		1F112B532545D48300BF8596 /* CapsuleModifier.swift in Sources */ = {isa = PBXBuildFile; fileRef = 1F112B522545D48300BF8596 /* CapsuleModifier.swift */; };
		1F27F173254493AE002119E7 /* pokemons.json in Resources */ = {isa = PBXBuildFile; fileRef = 1F27F16F254493AE002119E7 /* pokemons.json */; };
		1F27F174254493AE002119E7 /* damage multiplier.json in Resources */ = {isa = PBXBuildFile; fileRef = 1F27F170254493AE002119E7 /* damage multiplier.json */; };
		1F27F175254493AE002119E7 /* pokemon types.json in Resources */ = {isa = PBXBuildFile; fileRef = 1F27F171254493AE002119E7 /* pokemon types.json */; };
		1F27F176254493AE002119E7 /* type names.json in Resources */ = {isa = PBXBuildFile; fileRef = 1F27F172254493AE002119E7 /* type names.json */; };
		1F27F17925449BE4002119E7 /* DataLoader.swift in Sources */ = {isa = PBXBuildFile; fileRef = 1F27F17825449BE4002119E7 /* DataLoader.swift */; };
		1F5CA62C2544D18700DD42BA /* pokedex.json in Resources */ = {isa = PBXBuildFile; fileRef = 1F5CA62B2544D18700DD42BA /* pokedex.json */; };
		1F7C8182254D9633003EA881 /* UIView+Textfield.swift in Sources */ = {isa = PBXBuildFile; fileRef = 1F7C8181254D9633003EA881 /* UIView+Textfield.swift */; };
		1F9A82952544B10600BCD1D0 /* PokemonType.swift in Sources */ = {isa = PBXBuildFile; fileRef = 1F9A82902544B10600BCD1D0 /* PokemonType.swift */; };
		1F9A82962544B10600BCD1D0 /* Pokemon.swift in Sources */ = {isa = PBXBuildFile; fileRef = 1F9A82912544B10600BCD1D0 /* Pokemon.swift */; };
		1F9FD57A254489810011103C /* PokeTypesApp.swift in Sources */ = {isa = PBXBuildFile; fileRef = 1F9FD579254489810011103C /* PokeTypesApp.swift */; };
		1F9FD57E254489820011103C /* Assets.xcassets in Resources */ = {isa = PBXBuildFile; fileRef = 1F9FD57D254489820011103C /* Assets.xcassets */; };
		1F9FD581254489820011103C /* Preview Assets.xcassets in Resources */ = {isa = PBXBuildFile; fileRef = 1F9FD580254489820011103C /* Preview Assets.xcassets */; };
		1F9FD583254489820011103C /* Persistence.swift in Sources */ = {isa = PBXBuildFile; fileRef = 1F9FD582254489820011103C /* Persistence.swift */; };
		1F9FD59125448A770011103C /* PokeTypes.xcdatamodeld in Sources */ = {isa = PBXBuildFile; fileRef = 1F9FD58F25448A770011103C /* PokeTypes.xcdatamodeld */; };
		1FA84C3E2545F3E400523582 /* PokemonSearch.swift in Sources */ = {isa = PBXBuildFile; fileRef = 1FA84C3D2545F3E400523582 /* PokemonSearch.swift */; };
		1FA84C4725460D3600523582 /* PokemonView.swift in Sources */ = {isa = PBXBuildFile; fileRef = 1FA84C4625460D3500523582 /* PokemonView.swift */; };
/* End PBXBuildFile section */

/* Begin PBXFileReference section */
		1F112B092545663F00BF8596 /* PokeTypes.sqlite */ = {isa = PBXFileReference; lastKnownFileType = file; path = PokeTypes.sqlite; sourceTree = "<group>"; };
		1F112B1A2545AD8B00BF8596 /* TypeGridView.swift */ = {isa = PBXFileReference; lastKnownFileType = sourcecode.swift; path = TypeGridView.swift; sourceTree = "<group>"; };
		1F112B3F2545B36200BF8596 /* TypeSelector.swift */ = {isa = PBXFileReference; lastKnownFileType = sourcecode.swift; path = TypeSelector.swift; sourceTree = "<group>"; };
		1F112B422545B66800BF8596 /* SelectorView.swift */ = {isa = PBXFileReference; lastKnownFileType = sourcecode.swift; path = SelectorView.swift; sourceTree = "<group>"; };
		1F112B462545BC9C00BF8596 /* PKMN RBYGSC.ttf */ = {isa = PBXFileReference; lastKnownFileType = file; path = "PKMN RBYGSC.ttf"; sourceTree = "<group>"; };
		1F112B522545D48300BF8596 /* CapsuleModifier.swift */ = {isa = PBXFileReference; lastKnownFileType = sourcecode.swift; path = CapsuleModifier.swift; sourceTree = "<group>"; };
		1F27F16F254493AE002119E7 /* pokemons.json */ = {isa = PBXFileReference; fileEncoding = 4; lastKnownFileType = text.json; path = pokemons.json; sourceTree = "<group>"; };
		1F27F170254493AE002119E7 /* damage multiplier.json */ = {isa = PBXFileReference; fileEncoding = 4; lastKnownFileType = text.json; path = "damage multiplier.json"; sourceTree = "<group>"; };
		1F27F171254493AE002119E7 /* pokemon types.json */ = {isa = PBXFileReference; fileEncoding = 4; lastKnownFileType = text.json; path = "pokemon types.json"; sourceTree = "<group>"; };
		1F27F172254493AE002119E7 /* type names.json */ = {isa = PBXFileReference; fileEncoding = 4; lastKnownFileType = text.json; path = "type names.json"; sourceTree = "<group>"; };
		1F27F17825449BE4002119E7 /* DataLoader.swift */ = {isa = PBXFileReference; lastKnownFileType = sourcecode.swift; path = DataLoader.swift; sourceTree = "<group>"; };
		1F5CA62B2544D18700DD42BA /* pokedex.json */ = {isa = PBXFileReference; fileEncoding = 4; lastKnownFileType = text.json; path = pokedex.json; sourceTree = "<group>"; };
		1F7C8181254D9633003EA881 /* UIView+Textfield.swift */ = {isa = PBXFileReference; lastKnownFileType = sourcecode.swift; path = "UIView+Textfield.swift"; sourceTree = "<group>"; };
		1F9A82902544B10600BCD1D0 /* PokemonType.swift */ = {isa = PBXFileReference; fileEncoding = 4; lastKnownFileType = sourcecode.swift; path = PokemonType.swift; sourceTree = "<group>"; };
		1F9A82912544B10600BCD1D0 /* Pokemon.swift */ = {isa = PBXFileReference; fileEncoding = 4; lastKnownFileType = sourcecode.swift; path = Pokemon.swift; sourceTree = "<group>"; };
		1F9FD576254489810011103C /* PokeTypes.app */ = {isa = PBXFileReference; explicitFileType = wrapper.application; includeInIndex = 0; path = PokeTypes.app; sourceTree = BUILT_PRODUCTS_DIR; };
		1F9FD579254489810011103C /* PokeTypesApp.swift */ = {isa = PBXFileReference; lastKnownFileType = sourcecode.swift; path = PokeTypesApp.swift; sourceTree = "<group>"; };
		1F9FD57D254489820011103C /* Assets.xcassets */ = {isa = PBXFileReference; lastKnownFileType = folder.assetcatalog; path = Assets.xcassets; sourceTree = "<group>"; };
		1F9FD580254489820011103C /* Preview Assets.xcassets */ = {isa = PBXFileReference; lastKnownFileType = folder.assetcatalog; path = "Preview Assets.xcassets"; sourceTree = "<group>"; };
		1F9FD582254489820011103C /* Persistence.swift */ = {isa = PBXFileReference; lastKnownFileType = sourcecode.swift; path = Persistence.swift; sourceTree = "<group>"; };
		1F9FD587254489820011103C /* Info.plist */ = {isa = PBXFileReference; lastKnownFileType = text.plist.xml; path = Info.plist; sourceTree = "<group>"; };
		1F9FD59025448A770011103C /* PokeTypes.xcdatamodel */ = {isa = PBXFileReference; lastKnownFileType = wrapper.xcdatamodel; path = PokeTypes.xcdatamodel; sourceTree = "<group>"; };
		1FA84C3D2545F3E400523582 /* PokemonSearch.swift */ = {isa = PBXFileReference; lastKnownFileType = sourcecode.swift; path = PokemonSearch.swift; sourceTree = "<group>"; };
		1FA84C4625460D3500523582 /* PokemonView.swift */ = {isa = PBXFileReference; lastKnownFileType = sourcecode.swift; path = PokemonView.swift; sourceTree = "<group>"; };
/* End PBXFileReference section */

/* Begin PBXFrameworksBuildPhase section */
		1F9FD573254489810011103C /* Frameworks */ = {
			isa = PBXFrameworksBuildPhase;
			buildActionMask = 2147483647;
			files = (
			);
			runOnlyForDeploymentPostprocessing = 0;
		};
/* End PBXFrameworksBuildPhase section */

/* Begin PBXGroup section */
		1F5CA6252544B65700DD42BA /* DataLoader */ = {
			isa = PBXGroup;
			children = (
				1F5CA62B2544D18700DD42BA /* pokedex.json */,
				1F27F17825449BE4002119E7 /* DataLoader.swift */,
				1F27F170254493AE002119E7 /* damage multiplier.json */,
				1F27F171254493AE002119E7 /* pokemon types.json */,
				1F27F16F254493AE002119E7 /* pokemons.json */,
				1F27F172254493AE002119E7 /* type names.json */,
			);
			path = DataLoader;
			sourceTree = "<group>";
		};
		1F5CA6272544B67D00DD42BA /* Supporting Files */ = {
			isa = PBXGroup;
			children = (
				1F112B462545BC9C00BF8596 /* PKMN RBYGSC.ttf */,
				1F112B092545663F00BF8596 /* PokeTypes.sqlite */,
				1F9FD57D254489820011103C /* Assets.xcassets */,
				1F9FD58F25448A770011103C /* PokeTypes.xcdatamodeld */,
				1F9FD587254489820011103C /* Info.plist */,
			);
			path = "Supporting Files";
			sourceTree = "<group>";
		};
		1F7C8180254D9628003EA881 /* Extensions */ = {
			isa = PBXGroup;
			children = (
				1F7C8181254D9633003EA881 /* UIView+Textfield.swift */,
			);
			path = Extensions;
			sourceTree = "<group>";
		};
		1F9A828E2544B0FD00BCD1D0 /* CoreData */ = {
			isa = PBXGroup;
			children = (
				1F9A82912544B10600BCD1D0 /* Pokemon.swift */,
				1F9A82902544B10600BCD1D0 /* PokemonType.swift */,
				1F9FD582254489820011103C /* Persistence.swift */,
			);
			path = CoreData;
			sourceTree = "<group>";
		};
		1F9FD56D254489810011103C = {
			isa = PBXGroup;
			children = (
				1F9FD578254489810011103C /* PokeTypes */,
				1F9FD577254489810011103C /* Products */,
			);
			sourceTree = "<group>";
		};
		1F9FD577254489810011103C /* Products */ = {
			isa = PBXGroup;
			children = (
				1F9FD576254489810011103C /* PokeTypes.app */,
			);
			name = Products;
			sourceTree = "<group>";
		};
		1F9FD578254489810011103C /* PokeTypes */ = {
			isa = PBXGroup;
			children = (
				1F7C8180254D9628003EA881 /* Extensions */,
				1F9A828E2544B0FD00BCD1D0 /* CoreData */,
				1F9FD579254489810011103C /* PokeTypesApp.swift */,
				1FA84C412545F5EC00523582 /* Models */,
				1FA84C402545F5D000523582 /* Views */,
				1F5CA6272544B67D00DD42BA /* Supporting Files */,
				1F5CA6252544B65700DD42BA /* DataLoader */,
				1F9FD57F254489820011103C /* Preview Content */,
			);
			path = PokeTypes;
			sourceTree = "<group>";
		};
		1F9FD57F254489820011103C /* Preview Content */ = {
			isa = PBXGroup;
			children = (
				1F9FD580254489820011103C /* Preview Assets.xcassets */,
			);
			path = "Preview Content";
			sourceTree = "<group>";
		};
		1FA84C402545F5D000523582 /* Views */ = {
			isa = PBXGroup;
			children = (
				1FA84C4525460D2000523582 /* Standalone */,
				1FA84C422545F61600523582 /* Modifiers */,
				1FA84C3D2545F3E400523582 /* PokemonSearch.swift */,
				1F112B422545B66800BF8596 /* SelectorView.swift */,
			);
			name = Views;
			sourceTree = "<group>";
		};
		1FA84C412545F5EC00523582 /* Models */ = {
			isa = PBXGroup;
			children = (
				1F112B3F2545B36200BF8596 /* TypeSelector.swift */,
			);
			name = Models;
			sourceTree = "<group>";
		};
		1FA84C422545F61600523582 /* Modifiers */ = {
			isa = PBXGroup;
			children = (
				1F112B522545D48300BF8596 /* CapsuleModifier.swift */,
			);
			name = Modifiers;
			sourceTree = "<group>";
		};
		1FA84C4525460D2000523582 /* Standalone */ = {
			isa = PBXGroup;
			children = (
				1F112B1A2545AD8B00BF8596 /* TypeGridView.swift */,
				1FA84C4625460D3500523582 /* PokemonView.swift */,
			);
			name = Standalone;
			sourceTree = "<group>";
		};
/* End PBXGroup section */

/* Begin PBXNativeTarget section */
		1F9FD575254489810011103C /* PokeTypes */ = {
			isa = PBXNativeTarget;
			buildConfigurationList = 1F9FD58A254489820011103C /* Build configuration list for PBXNativeTarget "PokeTypes" */;
			buildPhases = (
				1F9FD572254489810011103C /* Sources */,
				1F9FD573254489810011103C /* Frameworks */,
				1F9FD574254489810011103C /* Resources */,
			);
			buildRules = (
			);
			dependencies = (
			);
			name = PokeTypes;
			productName = PokeTypes;
			productReference = 1F9FD576254489810011103C /* PokeTypes.app */;
			productType = "com.apple.product-type.application";
		};
/* End PBXNativeTarget section */

/* Begin PBXProject section */
		1F9FD56E254489810011103C /* Project object */ = {
			isa = PBXProject;
			attributes = {
				LastSwiftUpdateCheck = 1210;
				LastUpgradeCheck = 1210;
				TargetAttributes = {
					1F9FD575254489810011103C = {
						CreatedOnToolsVersion = 12.1;
					};
				};
			};
			buildConfigurationList = 1F9FD571254489810011103C /* Build configuration list for PBXProject "PokeTypes" */;
			compatibilityVersion = "Xcode 9.3";
			developmentRegion = en;
			hasScannedForEncodings = 0;
			knownRegions = (
				en,
				Base,
			);
			mainGroup = 1F9FD56D254489810011103C;
			productRefGroup = 1F9FD577254489810011103C /* Products */;
			projectDirPath = "";
			projectRoot = "";
			targets = (
				1F9FD575254489810011103C /* PokeTypes */,
			);
		};
/* End PBXProject section */

/* Begin PBXResourcesBuildPhase section */
		1F9FD574254489810011103C /* Resources */ = {
			isa = PBXResourcesBuildPhase;
			buildActionMask = 2147483647;
			files = (
				1F112B472545BC9C00BF8596 /* PKMN RBYGSC.ttf in Resources */,
				1F27F174254493AE002119E7 /* damage multiplier.json in Resources */,
				1F5CA62C2544D18700DD42BA /* pokedex.json in Resources */,
				1F27F175254493AE002119E7 /* pokemon types.json in Resources */,
				1F27F173254493AE002119E7 /* pokemons.json in Resources */,
				1F112B0A2545663F00BF8596 /* PokeTypes.sqlite in Resources */,
				1F27F176254493AE002119E7 /* type names.json in Resources */,
				1F9FD581254489820011103C /* Preview Assets.xcassets in Resources */,
				1F9FD57E254489820011103C /* Assets.xcassets in Resources */,
			);
			runOnlyForDeploymentPostprocessing = 0;
		};
/* End PBXResourcesBuildPhase section */

/* Begin PBXSourcesBuildPhase section */
		1F9FD572254489810011103C /* Sources */ = {
			isa = PBXSourcesBuildPhase;
			buildActionMask = 2147483647;
			files = (
				1FA84C4725460D3600523582 /* PokemonView.swift in Sources */,
				1F27F17925449BE4002119E7 /* DataLoader.swift in Sources */,
				1F7C8182254D9633003EA881 /* UIView+Textfield.swift in Sources */,
				1FA84C3E2545F3E400523582 /* PokemonSearch.swift in Sources */,
				1F9A82952544B10600BCD1D0 /* PokemonType.swift in Sources */,
				1F112B1B2545AD8B00BF8596 /* TypeGridView.swift in Sources */,
				1F9FD583254489820011103C /* Persistence.swift in Sources */,
				1F112B402545B36200BF8596 /* TypeSelector.swift in Sources */,
				1F9FD59125448A770011103C /* PokeTypes.xcdatamodeld in Sources */,
				1F112B532545D48300BF8596 /* CapsuleModifier.swift in Sources */,
				1F9A82962544B10600BCD1D0 /* Pokemon.swift in Sources */,
				1F9FD57A254489810011103C /* PokeTypesApp.swift in Sources */,
				1F112B432545B66800BF8596 /* SelectorView.swift in Sources */,
			);
			runOnlyForDeploymentPostprocessing = 0;
		};
/* End PBXSourcesBuildPhase section */

/* Begin XCBuildConfiguration section */
		1F9FD588254489820011103C /* Debug */ = {
			isa = XCBuildConfiguration;
			buildSettings = {
				ALWAYS_SEARCH_USER_PATHS = NO;
				CLANG_ANALYZER_NONNULL = YES;
				CLANG_ANALYZER_NUMBER_OBJECT_CONVERSION = YES_AGGRESSIVE;
				CLANG_CXX_LANGUAGE_STANDARD = "gnu++14";
				CLANG_CXX_LIBRARY = "libc++";
				CLANG_ENABLE_MODULES = YES;
				CLANG_ENABLE_OBJC_ARC = YES;
				CLANG_ENABLE_OBJC_WEAK = YES;
				CLANG_WARN_BLOCK_CAPTURE_AUTORELEASING = YES;
				CLANG_WARN_BOOL_CONVERSION = YES;
				CLANG_WARN_COMMA = YES;
				CLANG_WARN_CONSTANT_CONVERSION = YES;
				CLANG_WARN_DEPRECATED_OBJC_IMPLEMENTATIONS = YES;
				CLANG_WARN_DIRECT_OBJC_ISA_USAGE = YES_ERROR;
				CLANG_WARN_DOCUMENTATION_COMMENTS = YES;
				CLANG_WARN_EMPTY_BODY = YES;
				CLANG_WARN_ENUM_CONVERSION = YES;
				CLANG_WARN_INFINITE_RECURSION = YES;
				CLANG_WARN_INT_CONVERSION = YES;
				CLANG_WARN_NON_LITERAL_NULL_CONVERSION = YES;
				CLANG_WARN_OBJC_IMPLICIT_RETAIN_SELF = YES;
				CLANG_WARN_OBJC_LITERAL_CONVERSION = YES;
				CLANG_WARN_OBJC_ROOT_CLASS = YES_ERROR;
				CLANG_WARN_QUOTED_INCLUDE_IN_FRAMEWORK_HEADER = YES;
				CLANG_WARN_RANGE_LOOP_ANALYSIS = YES;
				CLANG_WARN_STRICT_PROTOTYPES = YES;
				CLANG_WARN_SUSPICIOUS_MOVE = YES;
				CLANG_WARN_UNGUARDED_AVAILABILITY = YES_AGGRESSIVE;
				CLANG_WARN_UNREACHABLE_CODE = YES;
				CLANG_WARN__DUPLICATE_METHOD_MATCH = YES;
				COPY_PHASE_STRIP = NO;
				DEBUG_INFORMATION_FORMAT = dwarf;
				ENABLE_STRICT_OBJC_MSGSEND = YES;
				ENABLE_TESTABILITY = YES;
				GCC_C_LANGUAGE_STANDARD = gnu11;
				GCC_DYNAMIC_NO_PIC = NO;
				GCC_NO_COMMON_BLOCKS = YES;
				GCC_OPTIMIZATION_LEVEL = 0;
				GCC_PREPROCESSOR_DEFINITIONS = (
					"DEBUG=1",
					"$(inherited)",
				);
				GCC_WARN_64_TO_32_BIT_CONVERSION = YES;
				GCC_WARN_ABOUT_RETURN_TYPE = YES_ERROR;
				GCC_WARN_UNDECLARED_SELECTOR = YES;
				GCC_WARN_UNINITIALIZED_AUTOS = YES_AGGRESSIVE;
				GCC_WARN_UNUSED_FUNCTION = YES;
				GCC_WARN_UNUSED_VARIABLE = YES;
				IPHONEOS_DEPLOYMENT_TARGET = 14.1;
				MTL_ENABLE_DEBUG_INFO = INCLUDE_SOURCE;
				MTL_FAST_MATH = YES;
				ONLY_ACTIVE_ARCH = YES;
				SDKROOT = iphoneos;
				SWIFT_ACTIVE_COMPILATION_CONDITIONS = DEBUG;
				SWIFT_OPTIMIZATION_LEVEL = "-Onone";
			};
			name = Debug;
		};
		1F9FD589254489820011103C /* Release */ = {
			isa = XCBuildConfiguration;
			buildSettings = {
				ALWAYS_SEARCH_USER_PATHS = NO;
				CLANG_ANALYZER_NONNULL = YES;
				CLANG_ANALYZER_NUMBER_OBJECT_CONVERSION = YES_AGGRESSIVE;
				CLANG_CXX_LANGUAGE_STANDARD = "gnu++14";
				CLANG_CXX_LIBRARY = "libc++";
				CLANG_ENABLE_MODULES = YES;
				CLANG_ENABLE_OBJC_ARC = YES;
				CLANG_ENABLE_OBJC_WEAK = YES;
				CLANG_WARN_BLOCK_CAPTURE_AUTORELEASING = YES;
				CLANG_WARN_BOOL_CONVERSION = YES;
				CLANG_WARN_COMMA = YES;
				CLANG_WARN_CONSTANT_CONVERSION = YES;
				CLANG_WARN_DEPRECATED_OBJC_IMPLEMENTATIONS = YES;
				CLANG_WARN_DIRECT_OBJC_ISA_USAGE = YES_ERROR;
				CLANG_WARN_DOCUMENTATION_COMMENTS = YES;
				CLANG_WARN_EMPTY_BODY = YES;
				CLANG_WARN_ENUM_CONVERSION = YES;
				CLANG_WARN_INFINITE_RECURSION = YES;
				CLANG_WARN_INT_CONVERSION = YES;
				CLANG_WARN_NON_LITERAL_NULL_CONVERSION = YES;
				CLANG_WARN_OBJC_IMPLICIT_RETAIN_SELF = YES;
				CLANG_WARN_OBJC_LITERAL_CONVERSION = YES;
				CLANG_WARN_OBJC_ROOT_CLASS = YES_ERROR;
				CLANG_WARN_QUOTED_INCLUDE_IN_FRAMEWORK_HEADER = YES;
				CLANG_WARN_RANGE_LOOP_ANALYSIS = YES;
				CLANG_WARN_STRICT_PROTOTYPES = YES;
				CLANG_WARN_SUSPICIOUS_MOVE = YES;
				CLANG_WARN_UNGUARDED_AVAILABILITY = YES_AGGRESSIVE;
				CLANG_WARN_UNREACHABLE_CODE = YES;
				CLANG_WARN__DUPLICATE_METHOD_MATCH = YES;
				COPY_PHASE_STRIP = NO;
				DEBUG_INFORMATION_FORMAT = "dwarf-with-dsym";
				ENABLE_NS_ASSERTIONS = NO;
				ENABLE_STRICT_OBJC_MSGSEND = YES;
				GCC_C_LANGUAGE_STANDARD = gnu11;
				GCC_NO_COMMON_BLOCKS = YES;
				GCC_WARN_64_TO_32_BIT_CONVERSION = YES;
				GCC_WARN_ABOUT_RETURN_TYPE = YES_ERROR;
				GCC_WARN_UNDECLARED_SELECTOR = YES;
				GCC_WARN_UNINITIALIZED_AUTOS = YES_AGGRESSIVE;
				GCC_WARN_UNUSED_FUNCTION = YES;
				GCC_WARN_UNUSED_VARIABLE = YES;
				IPHONEOS_DEPLOYMENT_TARGET = 14.1;
				MTL_ENABLE_DEBUG_INFO = NO;
				MTL_FAST_MATH = YES;
				SDKROOT = iphoneos;
				SWIFT_COMPILATION_MODE = wholemodule;
				SWIFT_OPTIMIZATION_LEVEL = "-O";
				VALIDATE_PRODUCT = YES;
			};
			name = Release;
		};
		1F9FD58B254489820011103C /* Debug */ = {
			isa = XCBuildConfiguration;
			buildSettings = {
				ASSETCATALOG_COMPILER_APPICON_NAME = AppIcon;
				ASSETCATALOG_COMPILER_GLOBAL_ACCENT_COLOR_NAME = AccentColor;
				CODE_SIGN_STYLE = Automatic;
				DEVELOPMENT_ASSET_PATHS = "\"PokeTypes/Preview Content\"";
				DEVELOPMENT_TEAM = HQV3E5C7S2;
				ENABLE_PREVIEWS = YES;
				INFOPLIST_FILE = "PokeTypes/Supporting Files/Info.plist";
				IPHONEOS_DEPLOYMENT_TARGET = 14.0;
				LD_RUNPATH_SEARCH_PATHS = (
					"$(inherited)",
					"@executable_path/Frameworks",
				);
				PRODUCT_BUNDLE_IDENTIFIER = co.corbi.PokeTypes;
				PRODUCT_NAME = "$(TARGET_NAME)";
				SWIFT_VERSION = 5.0;
				TARGETED_DEVICE_FAMILY = "1,2";
			};
			name = Debug;
		};
		1F9FD58C254489820011103C /* Release */ = {
			isa = XCBuildConfiguration;
			buildSettings = {
				ASSETCATALOG_COMPILER_APPICON_NAME = AppIcon;
				ASSETCATALOG_COMPILER_GLOBAL_ACCENT_COLOR_NAME = AccentColor;
				CODE_SIGN_STYLE = Automatic;
				DEVELOPMENT_ASSET_PATHS = "\"PokeTypes/Preview Content\"";
				DEVELOPMENT_TEAM = HQV3E5C7S2;
				ENABLE_PREVIEWS = YES;
				INFOPLIST_FILE = "PokeTypes/Supporting Files/Info.plist";
				IPHONEOS_DEPLOYMENT_TARGET = 14.0;
				LD_RUNPATH_SEARCH_PATHS = (
					"$(inherited)",
					"@executable_path/Frameworks",
				);
				PRODUCT_BUNDLE_IDENTIFIER = co.corbi.PokeTypes;
				PRODUCT_NAME = "$(TARGET_NAME)";
				SWIFT_VERSION = 5.0;
				TARGETED_DEVICE_FAMILY = "1,2";
			};
			name = Release;
		};
/* End XCBuildConfiguration section */

/* Begin XCConfigurationList section */
		1F9FD571254489810011103C /* Build configuration list for PBXProject "PokeTypes" */ = {
			isa = XCConfigurationList;
			buildConfigurations = (
				1F9FD588254489820011103C /* Debug */,
				1F9FD589254489820011103C /* Release */,
			);
			defaultConfigurationIsVisible = 0;
			defaultConfigurationName = Release;
		};
		1F9FD58A254489820011103C /* Build configuration list for PBXNativeTarget "PokeTypes" */ = {
			isa = XCConfigurationList;
			buildConfigurations = (
				1F9FD58B254489820011103C /* Debug */,
				1F9FD58C254489820011103C /* Release */,
			);
			defaultConfigurationIsVisible = 0;
			defaultConfigurationName = Release;
		};
/* End XCConfigurationList section */

/* Begin XCVersionGroup section */
		1F9FD58F25448A770011103C /* PokeTypes.xcdatamodeld */ = {
			isa = XCVersionGroup;
			children = (
				1F9FD59025448A770011103C /* PokeTypes.xcdatamodel */,
			);
			currentVersion = 1F9FD59025448A770011103C /* PokeTypes.xcdatamodel */;
			path = PokeTypes.xcdatamodeld;
			sourceTree = "<group>";
			versionGroupType = wrapper.xcdatamodel;
		};
/* End XCVersionGroup section */
	};
	rootObject = 1F9FD56E254489810011103C /* Project object */;
}
